
Microsoft Visual Studio Solution File, Format Version 12.00
# Visual Studio Version 16
VisualStudioVersion = 16.0.30523.141
MinimumVisualStudioVersion = 10.0.40219.1
Project("{FAE04EC0-301F-11D3-BF4B-00C04F79EFBC}") = "mastermindclone", "mastermindclone.csproj", "{27E598E1-F389-4B3A-BA5B-E229279BED8F}"
EndProject
Global
	GlobalSection(SolutionConfigurationPlatforms) = preSolution
		Debug|Any CPU = Debug|Any CPU
		Release|Any CPU = Release|Any CPU
	EndGlobalSection
	GlobalSection(ProjectConfigurationPlatforms) = postSolution
		{27E598E1-F389-4B3A-BA5B-E229279BED8F}.Debug|Any CPU.ActiveCfg = Debug|Any CPU
		{27E598E1-F389-4B3A-BA5B-E229279BED8F}.Debug|Any CPU.Build.0 = Debug|Any CPU
		{27E598E1-F389-4B3A-BA5B-E229279BED8F}.Release|Any CPU.ActiveCfg = Release|Any CPU
		{27E598E1-F389-4B3A-BA5B-E229279BED8F}.Release|Any CPU.Build.0 = Release|Any CPU
	EndGlobalSection
	GlobalSection(SolutionProperties) = preSolution
		HideSolutionNode = FALSE
	EndGlobalSection
	GlobalSection(ExtensibilityGlobals) = postSolution
		SolutionGuid = {9DEC44DA-6B2E-4D59-90DD-21A0E7478679}
	EndGlobalSection
EndGlobal
